
Microsoft Visual Studio Solution File, Format Version 12.00
# Visual Studio Version 17
VisualStudioVersion = 17.0.32126.317
MinimumVisualStudioVersion = 10.0.40219.1
Project("{FAE04EC0-301F-11D3-BF4B-00C04F79EFBC}") = "Vault", "Vault.csproj", "{ABB53BA8-E4C8-442F-9F31-11AC9396ED1F}"
EndProject
Global
	GlobalSection(SolutionConfigurationPlatforms) = preSolution
		Debug|Any CPU = Debug|Any CPU
		Release|Any CPU = Release|Any CPU
	EndGlobalSection
	GlobalSection(ProjectConfigurationPlatforms) = postSolution
		{ABB53BA8-E4C8-442F-9F31-11AC9396ED1F}.Debug|Any CPU.ActiveCfg = Debug|Any CPU
		{ABB53BA8-E4C8-442F-9F31-11AC9396ED1F}.Debug|Any CPU.Build.0 = Debug|Any CPU
		{ABB53BA8-E4C8-442F-9F31-11AC9396ED1F}.Release|Any CPU.ActiveCfg = Release|Any CPU
		{ABB53BA8-E4C8-442F-9F31-11AC9396ED1F}.Release|Any CPU.Build.0 = Release|Any CPU
	EndGlobalSection
	GlobalSection(SolutionProperties) = preSolution
		HideSolutionNode = FALSE
	EndGlobalSection
	GlobalSection(ExtensibilityGlobals) = postSolution
		SolutionGuid = {EF804B60-9809-4CC5-A5FD-F04E50D35338}
	EndGlobalSection
EndGlobal
